// !$*UTF8*$!
{
	archiveVersion = 1;
	classes = {
	};
	objectVersion = 46;
	objects = {

/* Begin PBXBuildFile section */
		2E46CB4F199D0364002293F3 /* ToDoCell.swift in Sources */ = {isa = PBXBuildFile; fileRef = 2E46CB4E199D0364002293F3 /* ToDoCell.swift */; };
		2E9C69B8199C0BF30063493B /* UpdateToDoViewController.swift in Sources */ = {isa = PBXBuildFile; fileRef = 2E9C69B7199C0BF30063493B /* UpdateToDoViewController.swift */; };
		2EA02107199D3FDE0091F94A /* button-done-normal.png in Resources */ = {isa = PBXBuildFile; fileRef = 2EA02103199D3FDE0091F94A /* button-done-normal.png */; };
		2EA02108199D3FDE0091F94A /* button-done-normal@2x.png in Resources */ = {isa = PBXBuildFile; fileRef = 2EA02104199D3FDE0091F94A /* button-done-normal@2x.png */; };
		2EA02109199D3FDE0091F94A /* button-done-selected.png in Resources */ = {isa = PBXBuildFile; fileRef = 2EA02105199D3FDE0091F94A /* button-done-selected.png */; };
		2EA0210A199D3FDE0091F94A /* button-done-selected@2x.png in Resources */ = {isa = PBXBuildFile; fileRef = 2EA02106199D3FDE0091F94A /* button-done-selected@2x.png */; };
		2ED9ABC5199A82A500DAB53A /* AppDelegate.swift in Sources */ = {isa = PBXBuildFile; fileRef = 2ED9ABC4199A82A500DAB53A /* AppDelegate.swift */; };
		2ED9ABC8199A82A500DAB53A /* Done.xcdatamodeld in Sources */ = {isa = PBXBuildFile; fileRef = 2ED9ABC6199A82A500DAB53A /* Done.xcdatamodeld */; };
		2ED9ABCA199A82A500DAB53A /* ViewController.swift in Sources */ = {isa = PBXBuildFile; fileRef = 2ED9ABC9199A82A500DAB53A /* ViewController.swift */; };
		2ED9ABCD199A82A500DAB53A /* Main.storyboard in Resources */ = {isa = PBXBuildFile; fileRef = 2ED9ABCB199A82A500DAB53A /* Main.storyboard */; };
		2ED9ABCF199A82A500DAB53A /* Images.xcassets in Resources */ = {isa = PBXBuildFile; fileRef = 2ED9ABCE199A82A500DAB53A /* Images.xcassets */; };
		2ED9ABDB199A82A500DAB53A /* DoneTests.swift in Sources */ = {isa = PBXBuildFile; fileRef = 2ED9ABDA199A82A500DAB53A /* DoneTests.swift */; };
		2ED9ABE5199A85F400DAB53A /* AddToDoViewController.swift in Sources */ = {isa = PBXBuildFile; fileRef = 2ED9ABE4199A85F400DAB53A /* AddToDoViewController.swift */; };
/* End PBXBuildFile section */

/* Begin PBXContainerItemProxy section */
		2ED9ABD5199A82A500DAB53A /* PBXContainerItemProxy */ = {
			isa = PBXContainerItemProxy;
			containerPortal = 2ED9ABB7199A82A500DAB53A /* Project object */;
			proxyType = 1;
			remoteGlobalIDString = 2ED9ABBE199A82A500DAB53A;
			remoteInfo = Done;
		};
/* End PBXContainerItemProxy section */

/* Begin PBXFileReference section */
		2E46CB4E199D0364002293F3 /* ToDoCell.swift */ = {isa = PBXFileReference; fileEncoding = 4; lastKnownFileType = sourcecode.swift; path = ToDoCell.swift; sourceTree = "<group>"; };
		2E9C69B7199C0BF30063493B /* UpdateToDoViewController.swift */ = {isa = PBXFileReference; fileEncoding = 4; lastKnownFileType = sourcecode.swift; path = UpdateToDoViewController.swift; sourceTree = "<group>"; };
		2EA02103199D3FDE0091F94A /* button-done-normal.png */ = {isa = PBXFileReference; lastKnownFileType = image.png; path = "button-done-normal.png"; sourceTree = "<group>"; };
		2EA02104199D3FDE0091F94A /* button-done-normal@2x.png */ = {isa = PBXFileReference; lastKnownFileType = image.png; path = "button-done-normal@2x.png"; sourceTree = "<group>"; };
		2EA02105199D3FDE0091F94A /* button-done-selected.png */ = {isa = PBXFileReference; lastKnownFileType = image.png; path = "button-done-selected.png"; sourceTree = "<group>"; };
		2EA02106199D3FDE0091F94A /* button-done-selected@2x.png */ = {isa = PBXFileReference; lastKnownFileType = image.png; path = "button-done-selected@2x.png"; sourceTree = "<group>"; };
		2ED9ABBF199A82A500DAB53A /* Done.app */ = {isa = PBXFileReference; explicitFileType = wrapper.application; includeInIndex = 0; path = Done.app; sourceTree = BUILT_PRODUCTS_DIR; };
		2ED9ABC3199A82A500DAB53A /* Info.plist */ = {isa = PBXFileReference; lastKnownFileType = text.plist.xml; path = Info.plist; sourceTree = "<group>"; };
		2ED9ABC4199A82A500DAB53A /* AppDelegate.swift */ = {isa = PBXFileReference; lastKnownFileType = sourcecode.swift; path = AppDelegate.swift; sourceTree = "<group>"; };
		2ED9ABC7199A82A500DAB53A /* Done.xcdatamodel */ = {isa = PBXFileReference; lastKnownFileType = wrapper.xcdatamodel; path = Done.xcdatamodel; sourceTree = "<group>"; };
		2ED9ABC9199A82A500DAB53A /* ViewController.swift */ = {isa = PBXFileReference; lastKnownFileType = sourcecode.swift; path = ViewController.swift; sourceTree = "<group>"; };
		2ED9ABCC199A82A500DAB53A /* Base */ = {isa = PBXFileReference; lastKnownFileType = file.storyboard; name = Base; path = Base.lproj/Main.storyboard; sourceTree = "<group>"; };
		2ED9ABCE199A82A500DAB53A /* Images.xcassets */ = {isa = PBXFileReference; lastKnownFileType = folder.assetcatalog; path = Images.xcassets; sourceTree = "<group>"; };
		2ED9ABD4199A82A500DAB53A /* DoneTests.xctest */ = {isa = PBXFileReference; explicitFileType = wrapper.cfbundle; includeInIndex = 0; path = DoneTests.xctest; sourceTree = BUILT_PRODUCTS_DIR; };
		2ED9ABD9199A82A500DAB53A /* Info.plist */ = {isa = PBXFileReference; lastKnownFileType = text.plist.xml; path = Info.plist; sourceTree = "<group>"; };
		2ED9ABDA199A82A500DAB53A /* DoneTests.swift */ = {isa = PBXFileReference; lastKnownFileType = sourcecode.swift; path = DoneTests.swift; sourceTree = "<group>"; };
		2ED9ABE4199A85F400DAB53A /* AddToDoViewController.swift */ = {isa = PBXFileReference; fileEncoding = 4; lastKnownFileType = sourcecode.swift; path = AddToDoViewController.swift; sourceTree = "<group>"; };
/* End PBXFileReference section */

/* Begin PBXFrameworksBuildPhase section */
		2ED9ABBC199A82A500DAB53A /* Frameworks */ = {
			isa = PBXFrameworksBuildPhase;
			buildActionMask = 2147483647;
			files = (
			);
			runOnlyForDeploymentPostprocessing = 0;
		};
		2ED9ABD1199A82A500DAB53A /* Frameworks */ = {
			isa = PBXFrameworksBuildPhase;
			buildActionMask = 2147483647;
			files = (
			);
			runOnlyForDeploymentPostprocessing = 0;
		};
/* End PBXFrameworksBuildPhase section */

/* Begin PBXGroup section */
		2ED9ABB6199A82A500DAB53A = {
			isa = PBXGroup;
			children = (
				2ED9ABC1199A82A500DAB53A /* Done */,
				2ED9ABD7199A82A500DAB53A /* DoneTests */,
				2ED9ABC0199A82A500DAB53A /* Products */,
			);
			sourceTree = "<group>";
		};
		2ED9ABC0199A82A500DAB53A /* Products */ = {
			isa = PBXGroup;
			children = (
				2ED9ABBF199A82A500DAB53A /* Done.app */,
				2ED9ABD4199A82A500DAB53A /* DoneTests.xctest */,
			);
			name = Products;
			sourceTree = "<group>";
		};
		2ED9ABC1199A82A500DAB53A /* Done */ = {
			isa = PBXGroup;
			children = (
				2ED9ABC4199A82A500DAB53A /* AppDelegate.swift */,
				2ED9ABC9199A82A500DAB53A /* ViewController.swift */,
				2ED9ABE4199A85F400DAB53A /* AddToDoViewController.swift */,
				2E9C69B7199C0BF30063493B /* UpdateToDoViewController.swift */,
				2E46CB4E199D0364002293F3 /* ToDoCell.swift */,
				2ED9ABCB199A82A500DAB53A /* Main.storyboard */,
				2ED9ABCE199A82A500DAB53A /* Images.xcassets */,
				2ED9ABC6199A82A500DAB53A /* Done.xcdatamodeld */,
				2ED9ABC2199A82A500DAB53A /* Supporting Files */,
			);
			path = Done;
			sourceTree = "<group>";
		};
		2ED9ABC2199A82A500DAB53A /* Supporting Files */ = {
			isa = PBXGroup;
			children = (
				2EA02103199D3FDE0091F94A /* button-done-normal.png */,
				2EA02104199D3FDE0091F94A /* button-done-normal@2x.png */,
				2EA02105199D3FDE0091F94A /* button-done-selected.png */,
				2EA02106199D3FDE0091F94A /* button-done-selected@2x.png */,
				2ED9ABC3199A82A500DAB53A /* Info.plist */,
			);
			name = "Supporting Files";
			sourceTree = "<group>";
		};
		2ED9ABD7199A82A500DAB53A /* DoneTests */ = {
			isa = PBXGroup;
			children = (
				2ED9ABDA199A82A500DAB53A /* DoneTests.swift */,
				2ED9ABD8199A82A500DAB53A /* Supporting Files */,
			);
			path = DoneTests;
			sourceTree = "<group>";
		};
		2ED9ABD8199A82A500DAB53A /* Supporting Files */ = {
			isa = PBXGroup;
			children = (
				2ED9ABD9199A82A500DAB53A /* Info.plist */,
			);
			name = "Supporting Files";
			sourceTree = "<group>";
		};
/* End PBXGroup section */

/* Begin PBXNativeTarget section */
		2ED9ABBE199A82A500DAB53A /* Done */ = {
			isa = PBXNativeTarget;
			buildConfigurationList = 2ED9ABDE199A82A500DAB53A /* Build configuration list for PBXNativeTarget "Done" */;
			buildPhases = (
				2ED9ABBB199A82A500DAB53A /* Sources */,
				2ED9ABBC199A82A500DAB53A /* Frameworks */,
				2ED9ABBD199A82A500DAB53A /* Resources */,
			);
			buildRules = (
			);
			dependencies = (
			);
			name = Done;
			productName = Done;
			productReference = 2ED9ABBF199A82A500DAB53A /* Done.app */;
			productType = "com.apple.product-type.application";
		};
		2ED9ABD3199A82A500DAB53A /* DoneTests */ = {
			isa = PBXNativeTarget;
			buildConfigurationList = 2ED9ABE1199A82A500DAB53A /* Build configuration list for PBXNativeTarget "DoneTests" */;
			buildPhases = (
				2ED9ABD0199A82A500DAB53A /* Sources */,
				2ED9ABD1199A82A500DAB53A /* Frameworks */,
				2ED9ABD2199A82A500DAB53A /* Resources */,
			);
			buildRules = (
			);
			dependencies = (
				2ED9ABD6199A82A500DAB53A /* PBXTargetDependency */,
			);
			name = DoneTests;
			productName = DoneTests;
			productReference = 2ED9ABD4199A82A500DAB53A /* DoneTests.xctest */;
			productType = "com.apple.product-type.bundle.unit-test";
		};
/* End PBXNativeTarget section */

/* Begin PBXProject section */
		2ED9ABB7199A82A500DAB53A /* Project object */ = {
			isa = PBXProject;
			attributes = {
				LastUpgradeCheck = 0600;
				ORGANIZATIONNAME = Wojtek;
				TargetAttributes = {
					2ED9ABBE199A82A500DAB53A = {
						CreatedOnToolsVersion = 6.0;
					};
					2ED9ABD3199A82A500DAB53A = {
						CreatedOnToolsVersion = 6.0;
						TestTargetID = 2ED9ABBE199A82A500DAB53A;
					};
				};
			};
			buildConfigurationList = 2ED9ABBA199A82A500DAB53A /* Build configuration list for PBXProject "Done" */;
			compatibilityVersion = "Xcode 3.2";
			developmentRegion = English;
			hasScannedForEncodings = 0;
			knownRegions = (
				en,
				Base,
			);
			mainGroup = 2ED9ABB6199A82A500DAB53A;
			productRefGroup = 2ED9ABC0199A82A500DAB53A /* Products */;
			projectDirPath = "";
			projectRoot = "";
			targets = (
				2ED9ABBE199A82A500DAB53A /* Done */,
				2ED9ABD3199A82A500DAB53A /* DoneTests */,
			);
		};
/* End PBXProject section */

/* Begin PBXResourcesBuildPhase section */
		2ED9ABBD199A82A500DAB53A /* Resources */ = {
			isa = PBXResourcesBuildPhase;
			buildActionMask = 2147483647;
			files = (
				2ED9ABCD199A82A500DAB53A /* Main.storyboard in Resources */,
				2EA02109199D3FDE0091F94A /* button-done-selected.png in Resources */,
				2ED9ABCF199A82A500DAB53A /* Images.xcassets in Resources */,
				2EA02107199D3FDE0091F94A /* button-done-normal.png in Resources */,
				2EA02108199D3FDE0091F94A /* button-done-normal@2x.png in Resources */,
				2EA0210A199D3FDE0091F94A /* button-done-selected@2x.png in Resources */,
			);
			runOnlyForDeploymentPostprocessing = 0;
		};
		2ED9ABD2199A82A500DAB53A /* Resources */ = {
			isa = PBXResourcesBuildPhase;
			buildActionMask = 2147483647;
			files = (
			);
			runOnlyForDeploymentPostprocessing = 0;
		};
/* End PBXResourcesBuildPhase section */

/* Begin PBXSourcesBuildPhase section */
		2ED9ABBB199A82A500DAB53A /* Sources */ = {
			isa = PBXSourcesBuildPhase;
			buildActionMask = 2147483647;
			files = (
				2ED9ABE5199A85F400DAB53A /* AddToDoViewController.swift in Sources */,
				2E46CB4F199D0364002293F3 /* ToDoCell.swift in Sources */,
				2ED9ABCA199A82A500DAB53A /* ViewController.swift in Sources */,
				2E9C69B8199C0BF30063493B /* UpdateToDoViewController.swift in Sources */,
				2ED9ABC5199A82A500DAB53A /* AppDelegate.swift in Sources */,
				2ED9ABC8199A82A500DAB53A /* Done.xcdatamodeld in Sources */,
			);
			runOnlyForDeploymentPostprocessing = 0;
		};
		2ED9ABD0199A82A500DAB53A /* Sources */ = {
			isa = PBXSourcesBuildPhase;
			buildActionMask = 2147483647;
			files = (
				2ED9ABDB199A82A500DAB53A /* DoneTests.swift in Sources */,
			);
			runOnlyForDeploymentPostprocessing = 0;
		};
/* End PBXSourcesBuildPhase section */

/* Begin PBXTargetDependency section */
		2ED9ABD6199A82A500DAB53A /* PBXTargetDependency */ = {
			isa = PBXTargetDependency;
			target = 2ED9ABBE199A82A500DAB53A /* Done */;
			targetProxy = 2ED9ABD5199A82A500DAB53A /* PBXContainerItemProxy */;
		};
/* End PBXTargetDependency section */

/* Begin PBXVariantGroup section */
		2ED9ABCB199A82A500DAB53A /* Main.storyboard */ = {
			isa = PBXVariantGroup;
			children = (
				2ED9ABCC199A82A500DAB53A /* Base */,
			);
			name = Main.storyboard;
			sourceTree = "<group>";
		};
/* End PBXVariantGroup section */

/* Begin XCBuildConfiguration section */
		2ED9ABDC199A82A500DAB53A /* Debug */ = {
			isa = XCBuildConfiguration;
			buildSettings = {
				ALWAYS_SEARCH_USER_PATHS = NO;
				CLANG_CXX_LANGUAGE_STANDARD = "gnu++0x";
				CLANG_CXX_LIBRARY = "libc++";
				CLANG_ENABLE_MODULES = YES;
				CLANG_ENABLE_OBJC_ARC = YES;
				CLANG_WARN_BOOL_CONVERSION = YES;
				CLANG_WARN_CONSTANT_CONVERSION = YES;
				CLANG_WARN_DIRECT_OBJC_ISA_USAGE = YES_ERROR;
				CLANG_WARN_EMPTY_BODY = YES;
				CLANG_WARN_ENUM_CONVERSION = YES;
				CLANG_WARN_INT_CONVERSION = YES;
				CLANG_WARN_OBJC_ROOT_CLASS = YES_ERROR;
				CLANG_WARN_UNREACHABLE_CODE = YES;
				CLANG_WARN__DUPLICATE_METHOD_MATCH = YES;
				"CODE_SIGN_IDENTITY[sdk=iphoneos*]" = "iPhone Developer";
				COPY_PHASE_STRIP = NO;
				ENABLE_STRICT_OBJC_MSGSEND = YES;
				GCC_C_LANGUAGE_STANDARD = gnu99;
				GCC_DYNAMIC_NO_PIC = NO;
				GCC_OPTIMIZATION_LEVEL = 0;
				GCC_PREPROCESSOR_DEFINITIONS = (
					"DEBUG=1",
					"$(inherited)",
				);
				GCC_SYMBOLS_PRIVATE_EXTERN = NO;
				GCC_WARN_64_TO_32_BIT_CONVERSION = YES;
				GCC_WARN_ABOUT_RETURN_TYPE = YES_ERROR;
				GCC_WARN_UNDECLARED_SELECTOR = YES;
				GCC_WARN_UNINITIALIZED_AUTOS = YES_AGGRESSIVE;
				GCC_WARN_UNUSED_FUNCTION = YES;
				GCC_WARN_UNUSED_VARIABLE = YES;
				IPHONEOS_DEPLOYMENT_TARGET = 8.0;
				MTL_ENABLE_DEBUG_INFO = YES;
				ONLY_ACTIVE_ARCH = YES;
				SDKROOT = iphoneos;
				SWIFT_OPTIMIZATION_LEVEL = "-Onone";
			};
			name = Debug;
		};
		2ED9ABDD199A82A500DAB53A /* Release */ = {
			isa = XCBuildConfiguration;
			buildSettings = {
				ALWAYS_SEARCH_USER_PATHS = NO;
				CLANG_CXX_LANGUAGE_STANDARD = "gnu++0x";
				CLANG_CXX_LIBRARY = "libc++";
				CLANG_ENABLE_MODULES = YES;
				CLANG_ENABLE_OBJC_ARC = YES;
				CLANG_WARN_BOOL_CONVERSION = YES;
				CLANG_WARN_CONSTANT_CONVERSION = YES;
				CLANG_WARN_DIRECT_OBJC_ISA_USAGE = YES_ERROR;
				CLANG_WARN_EMPTY_BODY = YES;
				CLANG_WARN_ENUM_CONVERSION = YES;
				CLANG_WARN_INT_CONVERSION = YES;
				CLANG_WARN_OBJC_ROOT_CLASS = YES_ERROR;
				CLANG_WARN_UNREACHABLE_CODE = YES;
				CLANG_WARN__DUPLICATE_METHOD_MATCH = YES;
				"CODE_SIGN_IDENTITY[sdk=iphoneos*]" = "iPhone Developer";
				COPY_PHASE_STRIP = YES;
				ENABLE_NS_ASSERTIONS = NO;
				ENABLE_STRICT_OBJC_MSGSEND = YES;
				GCC_C_LANGUAGE_STANDARD = gnu99;
				GCC_WARN_64_TO_32_BIT_CONVERSION = YES;
				GCC_WARN_ABOUT_RETURN_TYPE = YES_ERROR;
				GCC_WARN_UNDECLARED_SELECTOR = YES;
				GCC_WARN_UNINITIALIZED_AUTOS = YES_AGGRESSIVE;
				GCC_WARN_UNUSED_FUNCTION = YES;
				GCC_WARN_UNUSED_VARIABLE = YES;
				IPHONEOS_DEPLOYMENT_TARGET = 8.0;
				MTL_ENABLE_DEBUG_INFO = NO;
				SDKROOT = iphoneos;
				VALIDATE_PRODUCT = YES;
			};
			name = Release;
		};
		2ED9ABDF199A82A500DAB53A /* Debug */ = {
			isa = XCBuildConfiguration;
			buildSettings = {
				ASSETCATALOG_COMPILER_APPICON_NAME = AppIcon;
				ASSETCATALOG_COMPILER_LAUNCHIMAGE_NAME = LaunchImage;
				INFOPLIST_FILE = Done/Info.plist;
				IPHONEOS_DEPLOYMENT_TARGET = 7.1;
				LD_RUNPATH_SEARCH_PATHS = "$(inherited) @executable_path/Frameworks";
				PRODUCT_NAME = "$(TARGET_NAME)";
			};
			name = Debug;
		};
		2ED9ABE0199A82A500DAB53A /* Release */ = {
			isa = XCBuildConfiguration;
			buildSettings = {
				ASSETCATALOG_COMPILER_APPICON_NAME = AppIcon;
				ASSETCATALOG_COMPILER_LAUNCHIMAGE_NAME = LaunchImage;
				INFOPLIST_FILE = Done/Info.plist;
				IPHONEOS_DEPLOYMENT_TARGET = 7.1;
				LD_RUNPATH_SEARCH_PATHS = "$(inherited) @executable_path/Frameworks";
				PRODUCT_NAME = "$(TARGET_NAME)";
			};
			name = Release;
		};
		2ED9ABE2199A82A500DAB53A /* Debug */ = {
			isa = XCBuildConfiguration;
			buildSettings = {
				BUNDLE_LOADER = "$(TEST_HOST)";
				FRAMEWORK_SEARCH_PATHS = (
					"$(SDKROOT)/Developer/Library/Frameworks",
					"$(inherited)",
				);
				GCC_PREPROCESSOR_DEFINITIONS = (
					"DEBUG=1",
					"$(inherited)",
				);
				INFOPLIST_FILE = DoneTests/Info.plist;
				LD_RUNPATH_SEARCH_PATHS = "$(inherited) @executable_path/Frameworks @loader_path/Frameworks";
				PRODUCT_NAME = "$(TARGET_NAME)";
				TEST_HOST = "$(BUILT_PRODUCTS_DIR)/Done.app/Done";
			};
			name = Debug;
		};
		2ED9ABE3199A82A500DAB53A /* Release */ = {
			isa = XCBuildConfiguration;
			buildSettings = {
				BUNDLE_LOADER = "$(TEST_HOST)";
				FRAMEWORK_SEARCH_PATHS = (
					"$(SDKROOT)/Developer/Library/Frameworks",
					"$(inherited)",
				);
				INFOPLIST_FILE = DoneTests/Info.plist;
				LD_RUNPATH_SEARCH_PATHS = "$(inherited) @executable_path/Frameworks @loader_path/Frameworks";
				PRODUCT_NAME = "$(TARGET_NAME)";
				TEST_HOST = "$(BUILT_PRODUCTS_DIR)/Done.app/Done";
			};
			name = Release;
		};
/* End XCBuildConfiguration section */

/* Begin XCConfigurationList section */
		2ED9ABBA199A82A500DAB53A /* Build configuration list for PBXProject "Done" */ = {
			isa = XCConfigurationList;
			buildConfigurations = (
				2ED9ABDC199A82A500DAB53A /* Debug */,
				2ED9ABDD199A82A500DAB53A /* Release */,
			);
			defaultConfigurationIsVisible = 0;
			defaultConfigurationName = Release;
		};
		2ED9ABDE199A82A500DAB53A /* Build configuration list for PBXNativeTarget "Done" */ = {
			isa = XCConfigurationList;
			buildConfigurations = (
				2ED9ABDF199A82A500DAB53A /* Debug */,
				2ED9ABE0199A82A500DAB53A /* Release */,
			);
			defaultConfigurationIsVisible = 0;
			defaultConfigurationName = Release;
		};
		2ED9ABE1199A82A500DAB53A /* Build configuration list for PBXNativeTarget "DoneTests" */ = {
			isa = XCConfigurationList;
			buildConfigurations = (
				2ED9ABE2199A82A500DAB53A /* Debug */,
				2ED9ABE3199A82A500DAB53A /* Release */,
			);
			defaultConfigurationIsVisible = 0;
			defaultConfigurationName = Release;
		};
/* End XCConfigurationList section */

/* Begin XCVersionGroup section */
		2ED9ABC6199A82A500DAB53A /* Done.xcdatamodeld */ = {
			isa = XCVersionGroup;
			children = (
				2ED9ABC7199A82A500DAB53A /* Done.xcdatamodel */,
			);
			currentVersion = 2ED9ABC7199A82A500DAB53A /* Done.xcdatamodel */;
			path = Done.xcdatamodeld;
			sourceTree = "<group>";
			versionGroupType = wrapper.xcdatamodel;
		};
/* End XCVersionGroup section */
	};
	rootObject = 2ED9ABB7199A82A500DAB53A /* Project object */;
}
