// !$*UTF8*$!
{
	archiveVersion = 1;
	classes = {
	};
	objectVersion = 46;
	objects = {

/* Begin PBXBuildFile section */
		2E4236C919AB707A008F6897 /* AppDelegate.swift in Sources */ = {isa = PBXBuildFile; fileRef = 2E4236C819AB707A008F6897 /* AppDelegate.swift */; };
		2E4236CB19AB707A008F6897 /* ViewController.swift in Sources */ = {isa = PBXBuildFile; fileRef = 2E4236CA19AB707A008F6897 /* ViewController.swift */; };
		2E4236CE19AB707A008F6897 /* Main.storyboard in Resources */ = {isa = PBXBuildFile; fileRef = 2E4236CC19AB707A008F6897 /* Main.storyboard */; };
		2E4236D019AB707A008F6897 /* Images.xcassets in Resources */ = {isa = PBXBuildFile; fileRef = 2E4236CF19AB707A008F6897 /* Images.xcassets */; };
		2E4236DC19AB707A008F6897 /* iOS_Bluetooth_MessengerTests.swift in Sources */ = {isa = PBXBuildFile; fileRef = 2E4236DB19AB707A008F6897 /* iOS_Bluetooth_MessengerTests.swift */; };
		2E4236E619AB739E008F6897 /* CBCentralManagerViewController.swift in Sources */ = {isa = PBXBuildFile; fileRef = 2E4236E519AB739E008F6897 /* CBCentralManagerViewController.swift */; };
		2E4236E819AB73C2008F6897 /* CBPeripheralViewController.swift in Sources */ = {isa = PBXBuildFile; fileRef = 2E4236E719AB73C2008F6897 /* CBPeripheralViewController.swift */; };
		2E4236EA19AB73CF008F6897 /* SERVICES.swift in Sources */ = {isa = PBXBuildFile; fileRef = 2E4236E919AB73CF008F6897 /* SERVICES.swift */; };
/* End PBXBuildFile section */

/* Begin PBXContainerItemProxy section */
		2E4236D619AB707A008F6897 /* PBXContainerItemProxy */ = {
			isa = PBXContainerItemProxy;
			containerPortal = 2E4236BB19AB7079008F6897 /* Project object */;
			proxyType = 1;
			remoteGlobalIDString = 2E4236C219AB707A008F6897;
			remoteInfo = iOS_Bluetooth_Messenger;
		};
/* End PBXContainerItemProxy section */

/* Begin PBXFileReference section */
		2E4236C319AB707A008F6897 /* iOS_Bluetooth_Messenger.app */ = {isa = PBXFileReference; explicitFileType = wrapper.application; includeInIndex = 0; path = iOS_Bluetooth_Messenger.app; sourceTree = BUILT_PRODUCTS_DIR; };
		2E4236C719AB707A008F6897 /* Info.plist */ = {isa = PBXFileReference; lastKnownFileType = text.plist.xml; path = Info.plist; sourceTree = "<group>"; };
		2E4236C819AB707A008F6897 /* AppDelegate.swift */ = {isa = PBXFileReference; lastKnownFileType = sourcecode.swift; path = AppDelegate.swift; sourceTree = "<group>"; };
		2E4236CA19AB707A008F6897 /* ViewController.swift */ = {isa = PBXFileReference; lastKnownFileType = sourcecode.swift; path = ViewController.swift; sourceTree = "<group>"; };
		2E4236CD19AB707A008F6897 /* Base */ = {isa = PBXFileReference; lastKnownFileType = file.storyboard; name = Base; path = Base.lproj/Main.storyboard; sourceTree = "<group>"; };
		2E4236CF19AB707A008F6897 /* Images.xcassets */ = {isa = PBXFileReference; lastKnownFileType = folder.assetcatalog; path = Images.xcassets; sourceTree = "<group>"; };
		2E4236D519AB707A008F6897 /* iOS_Bluetooth_MessengerTests.xctest */ = {isa = PBXFileReference; explicitFileType = wrapper.cfbundle; includeInIndex = 0; path = iOS_Bluetooth_MessengerTests.xctest; sourceTree = BUILT_PRODUCTS_DIR; };
		2E4236DA19AB707A008F6897 /* Info.plist */ = {isa = PBXFileReference; lastKnownFileType = text.plist.xml; path = Info.plist; sourceTree = "<group>"; };
		2E4236DB19AB707A008F6897 /* iOS_Bluetooth_MessengerTests.swift */ = {isa = PBXFileReference; lastKnownFileType = sourcecode.swift; path = iOS_Bluetooth_MessengerTests.swift; sourceTree = "<group>"; };
		2E4236E519AB739E008F6897 /* CBCentralManagerViewController.swift */ = {isa = PBXFileReference; fileEncoding = 4; lastKnownFileType = sourcecode.swift; path = CBCentralManagerViewController.swift; sourceTree = "<group>"; };
		2E4236E719AB73C2008F6897 /* CBPeripheralViewController.swift */ = {isa = PBXFileReference; fileEncoding = 4; lastKnownFileType = sourcecode.swift; path = CBPeripheralViewController.swift; sourceTree = "<group>"; };
		2E4236E919AB73CF008F6897 /* SERVICES.swift */ = {isa = PBXFileReference; fileEncoding = 4; lastKnownFileType = sourcecode.swift; path = SERVICES.swift; sourceTree = "<group>"; };
/* End PBXFileReference section */

/* Begin PBXFrameworksBuildPhase section */
		2E4236C019AB707A008F6897 /* Frameworks */ = {
			isa = PBXFrameworksBuildPhase;
			buildActionMask = 2147483647;
			files = (
			);
			runOnlyForDeploymentPostprocessing = 0;
		};
		2E4236D219AB707A008F6897 /* Frameworks */ = {
			isa = PBXFrameworksBuildPhase;
			buildActionMask = 2147483647;
			files = (
			);
			runOnlyForDeploymentPostprocessing = 0;
		};
/* End PBXFrameworksBuildPhase section */

/* Begin PBXGroup section */
		2E4236BA19AB7079008F6897 = {
			isa = PBXGroup;
			children = (
				2E4236C519AB707A008F6897 /* iOS_Bluetooth_Messenger */,
				2E4236D819AB707A008F6897 /* iOS_Bluetooth_MessengerTests */,
				2E4236C419AB707A008F6897 /* Products */,
			);
			sourceTree = "<group>";
		};
		2E4236C419AB707A008F6897 /* Products */ = {
			isa = PBXGroup;
			children = (
				2E4236C319AB707A008F6897 /* iOS_Bluetooth_Messenger.app */,
				2E4236D519AB707A008F6897 /* iOS_Bluetooth_MessengerTests.xctest */,
			);
			name = Products;
			sourceTree = "<group>";
		};
		2E4236C519AB707A008F6897 /* iOS_Bluetooth_Messenger */ = {
			isa = PBXGroup;
			children = (
				2E4236C819AB707A008F6897 /* AppDelegate.swift */,
				2E4236E519AB739E008F6897 /* CBCentralManagerViewController.swift */,
				2E4236E719AB73C2008F6897 /* CBPeripheralViewController.swift */,
				2E4236E919AB73CF008F6897 /* SERVICES.swift */,
				2E4236CA19AB707A008F6897 /* ViewController.swift */,
				2E4236CC19AB707A008F6897 /* Main.storyboard */,
				2E4236CF19AB707A008F6897 /* Images.xcassets */,
				2E4236C619AB707A008F6897 /* Supporting Files */,
			);
			path = iOS_Bluetooth_Messenger;
			sourceTree = "<group>";
		};
		2E4236C619AB707A008F6897 /* Supporting Files */ = {
			isa = PBXGroup;
			children = (
				2E4236C719AB707A008F6897 /* Info.plist */,
			);
			name = "Supporting Files";
			sourceTree = "<group>";
		};
		2E4236D819AB707A008F6897 /* iOS_Bluetooth_MessengerTests */ = {
			isa = PBXGroup;
			children = (
				2E4236DB19AB707A008F6897 /* iOS_Bluetooth_MessengerTests.swift */,
				2E4236D919AB707A008F6897 /* Supporting Files */,
			);
			path = iOS_Bluetooth_MessengerTests;
			sourceTree = "<group>";
		};
		2E4236D919AB707A008F6897 /* Supporting Files */ = {
			isa = PBXGroup;
			children = (
				2E4236DA19AB707A008F6897 /* Info.plist */,
			);
			name = "Supporting Files";
			sourceTree = "<group>";
		};
/* End PBXGroup section */

/* Begin PBXNativeTarget section */
		2E4236C219AB707A008F6897 /* iOS_Bluetooth_Messenger */ = {
			isa = PBXNativeTarget;
			buildConfigurationList = 2E4236DF19AB707A008F6897 /* Build configuration list for PBXNativeTarget "iOS_Bluetooth_Messenger" */;
			buildPhases = (
				2E4236BF19AB707A008F6897 /* Sources */,
				2E4236C019AB707A008F6897 /* Frameworks */,
				2E4236C119AB707A008F6897 /* Resources */,
			);
			buildRules = (
			);
			dependencies = (
			);
			name = iOS_Bluetooth_Messenger;
			productName = iOS_Bluetooth_Messenger;
			productReference = 2E4236C319AB707A008F6897 /* iOS_Bluetooth_Messenger.app */;
			productType = "com.apple.product-type.application";
		};
		2E4236D419AB707A008F6897 /* iOS_Bluetooth_MessengerTests */ = {
			isa = PBXNativeTarget;
			buildConfigurationList = 2E4236E219AB707A008F6897 /* Build configuration list for PBXNativeTarget "iOS_Bluetooth_MessengerTests" */;
			buildPhases = (
				2E4236D119AB707A008F6897 /* Sources */,
				2E4236D219AB707A008F6897 /* Frameworks */,
				2E4236D319AB707A008F6897 /* Resources */,
			);
			buildRules = (
			);
			dependencies = (
				2E4236D719AB707A008F6897 /* PBXTargetDependency */,
			);
			name = iOS_Bluetooth_MessengerTests;
			productName = iOS_Bluetooth_MessengerTests;
			productReference = 2E4236D519AB707A008F6897 /* iOS_Bluetooth_MessengerTests.xctest */;
			productType = "com.apple.product-type.bundle.unit-test";
		};
/* End PBXNativeTarget section */

/* Begin PBXProject section */
		2E4236BB19AB7079008F6897 /* Project object */ = {
			isa = PBXProject;
			attributes = {
				LastUpgradeCheck = 0600;
				ORGANIZATIONNAME = Wojtek;
				TargetAttributes = {
					2E4236C219AB707A008F6897 = {
						CreatedOnToolsVersion = 6.0;
						DevelopmentTeam = W9QWGM2Q58;
					};
					2E4236D419AB707A008F6897 = {
						CreatedOnToolsVersion = 6.0;
						TestTargetID = 2E4236C219AB707A008F6897;
					};
				};
			};
			buildConfigurationList = 2E4236BE19AB707A008F6897 /* Build configuration list for PBXProject "iOS_Bluetooth_Messenger" */;
			compatibilityVersion = "Xcode 3.2";
			developmentRegion = English;
			hasScannedForEncodings = 0;
			knownRegions = (
				en,
				Base,
			);
			mainGroup = 2E4236BA19AB7079008F6897;
			productRefGroup = 2E4236C419AB707A008F6897 /* Products */;
			projectDirPath = "";
			projectRoot = "";
			targets = (
				2E4236C219AB707A008F6897 /* iOS_Bluetooth_Messenger */,
				2E4236D419AB707A008F6897 /* iOS_Bluetooth_MessengerTests */,
			);
		};
/* End PBXProject section */

/* Begin PBXResourcesBuildPhase section */
		2E4236C119AB707A008F6897 /* Resources */ = {
			isa = PBXResourcesBuildPhase;
			buildActionMask = 2147483647;
			files = (
				2E4236CE19AB707A008F6897 /* Main.storyboard in Resources */,
				2E4236D019AB707A008F6897 /* Images.xcassets in Resources */,
			);
			runOnlyForDeploymentPostprocessing = 0;
		};
		2E4236D319AB707A008F6897 /* Resources */ = {
			isa = PBXResourcesBuildPhase;
			buildActionMask = 2147483647;
			files = (
			);
			runOnlyForDeploymentPostprocessing = 0;
		};
/* End PBXResourcesBuildPhase section */

/* Begin PBXSourcesBuildPhase section */
		2E4236BF19AB707A008F6897 /* Sources */ = {
			isa = PBXSourcesBuildPhase;
			buildActionMask = 2147483647;
			files = (
				2E4236E619AB739E008F6897 /* CBCentralManagerViewController.swift in Sources */,
				2E4236CB19AB707A008F6897 /* ViewController.swift in Sources */,
				2E4236E819AB73C2008F6897 /* CBPeripheralViewController.swift in Sources */,
				2E4236EA19AB73CF008F6897 /* SERVICES.swift in Sources */,
				2E4236C919AB707A008F6897 /* AppDelegate.swift in Sources */,
			);
			runOnlyForDeploymentPostprocessing = 0;
		};
		2E4236D119AB707A008F6897 /* Sources */ = {
			isa = PBXSourcesBuildPhase;
			buildActionMask = 2147483647;
			files = (
				2E4236DC19AB707A008F6897 /* iOS_Bluetooth_MessengerTests.swift in Sources */,
			);
			runOnlyForDeploymentPostprocessing = 0;
		};
/* End PBXSourcesBuildPhase section */

/* Begin PBXTargetDependency section */
		2E4236D719AB707A008F6897 /* PBXTargetDependency */ = {
			isa = PBXTargetDependency;
			target = 2E4236C219AB707A008F6897 /* iOS_Bluetooth_Messenger */;
			targetProxy = 2E4236D619AB707A008F6897 /* PBXContainerItemProxy */;
		};
/* End PBXTargetDependency section */

/* Begin PBXVariantGroup section */
		2E4236CC19AB707A008F6897 /* Main.storyboard */ = {
			isa = PBXVariantGroup;
			children = (
				2E4236CD19AB707A008F6897 /* Base */,
			);
			name = Main.storyboard;
			sourceTree = "<group>";
		};
/* End PBXVariantGroup section */

/* Begin XCBuildConfiguration section */
		2E4236DD19AB707A008F6897 /* Debug */ = {
			isa = XCBuildConfiguration;
			buildSettings = {
				ALWAYS_SEARCH_USER_PATHS = NO;
				CLANG_CXX_LANGUAGE_STANDARD = "gnu++0x";
				CLANG_CXX_LIBRARY = "libc++";
				CLANG_ENABLE_MODULES = YES;
				CLANG_ENABLE_OBJC_ARC = YES;
				CLANG_WARN_BOOL_CONVERSION = YES;
				CLANG_WARN_CONSTANT_CONVERSION = YES;
				CLANG_WARN_DIRECT_OBJC_ISA_USAGE = YES_ERROR;
				CLANG_WARN_EMPTY_BODY = YES;
				CLANG_WARN_ENUM_CONVERSION = YES;
				CLANG_WARN_INT_CONVERSION = YES;
				CLANG_WARN_OBJC_ROOT_CLASS = YES_ERROR;
				CLANG_WARN_UNREACHABLE_CODE = YES;
				CLANG_WARN__DUPLICATE_METHOD_MATCH = YES;
				"CODE_SIGN_IDENTITY[sdk=iphoneos*]" = "iPhone Developer";
				COPY_PHASE_STRIP = NO;
				ENABLE_STRICT_OBJC_MSGSEND = YES;
				GCC_C_LANGUAGE_STANDARD = gnu99;
				GCC_DYNAMIC_NO_PIC = NO;
				GCC_OPTIMIZATION_LEVEL = 0;
				GCC_PREPROCESSOR_DEFINITIONS = (
					"DEBUG=1",
					"$(inherited)",
				);
				GCC_SYMBOLS_PRIVATE_EXTERN = NO;
				GCC_WARN_64_TO_32_BIT_CONVERSION = YES;
				GCC_WARN_ABOUT_RETURN_TYPE = YES_ERROR;
				GCC_WARN_UNDECLARED_SELECTOR = YES;
				GCC_WARN_UNINITIALIZED_AUTOS = YES_AGGRESSIVE;
				GCC_WARN_UNUSED_FUNCTION = YES;
				GCC_WARN_UNUSED_VARIABLE = YES;
				IPHONEOS_DEPLOYMENT_TARGET = 8.0;
				MTL_ENABLE_DEBUG_INFO = YES;
				ONLY_ACTIVE_ARCH = YES;
				SDKROOT = iphoneos;
				SWIFT_OPTIMIZATION_LEVEL = "-Onone";
			};
			name = Debug;
		};
		2E4236DE19AB707A008F6897 /* Release */ = {
			isa = XCBuildConfiguration;
			buildSettings = {
				ALWAYS_SEARCH_USER_PATHS = NO;
				CLANG_CXX_LANGUAGE_STANDARD = "gnu++0x";
				CLANG_CXX_LIBRARY = "libc++";
				CLANG_ENABLE_MODULES = YES;
				CLANG_ENABLE_OBJC_ARC = YES;
				CLANG_WARN_BOOL_CONVERSION = YES;
				CLANG_WARN_CONSTANT_CONVERSION = YES;
				CLANG_WARN_DIRECT_OBJC_ISA_USAGE = YES_ERROR;
				CLANG_WARN_EMPTY_BODY = YES;
				CLANG_WARN_ENUM_CONVERSION = YES;
				CLANG_WARN_INT_CONVERSION = YES;
				CLANG_WARN_OBJC_ROOT_CLASS = YES_ERROR;
				CLANG_WARN_UNREACHABLE_CODE = YES;
				CLANG_WARN__DUPLICATE_METHOD_MATCH = YES;
				"CODE_SIGN_IDENTITY[sdk=iphoneos*]" = "iPhone Developer";
				COPY_PHASE_STRIP = YES;
				ENABLE_NS_ASSERTIONS = NO;
				ENABLE_STRICT_OBJC_MSGSEND = YES;
				GCC_C_LANGUAGE_STANDARD = gnu99;
				GCC_WARN_64_TO_32_BIT_CONVERSION = YES;
				GCC_WARN_ABOUT_RETURN_TYPE = YES_ERROR;
				GCC_WARN_UNDECLARED_SELECTOR = YES;
				GCC_WARN_UNINITIALIZED_AUTOS = YES_AGGRESSIVE;
				GCC_WARN_UNUSED_FUNCTION = YES;
				GCC_WARN_UNUSED_VARIABLE = YES;
				IPHONEOS_DEPLOYMENT_TARGET = 8.0;
				MTL_ENABLE_DEBUG_INFO = NO;
				SDKROOT = iphoneos;
				VALIDATE_PRODUCT = YES;
			};
			name = Release;
		};
		2E4236E019AB707A008F6897 /* Debug */ = {
			isa = XCBuildConfiguration;
			buildSettings = {
				ASSETCATALOG_COMPILER_APPICON_NAME = AppIcon;
				ASSETCATALOG_COMPILER_LAUNCHIMAGE_NAME = LaunchImage;
				CODE_SIGN_IDENTITY = "iPhone Developer";
				"CODE_SIGN_IDENTITY[sdk=iphoneos*]" = "iPhone Developer";
				INFOPLIST_FILE = iOS_Bluetooth_Messenger/Info.plist;
				IPHONEOS_DEPLOYMENT_TARGET = 7.1;
				LD_RUNPATH_SEARCH_PATHS = "$(inherited) @executable_path/Frameworks";
				PRODUCT_NAME = "$(TARGET_NAME)";
				PROVISIONING_PROFILE = "";
				TARGETED_DEVICE_FAMILY = "1,2";
			};
			name = Debug;
		};
		2E4236E119AB707A008F6897 /* Release */ = {
			isa = XCBuildConfiguration;
			buildSettings = {
				ASSETCATALOG_COMPILER_APPICON_NAME = AppIcon;
				ASSETCATALOG_COMPILER_LAUNCHIMAGE_NAME = LaunchImage;
				CODE_SIGN_IDENTITY = "iPhone Developer";
				"CODE_SIGN_IDENTITY[sdk=iphoneos*]" = "iPhone Developer";
				INFOPLIST_FILE = iOS_Bluetooth_Messenger/Info.plist;
				IPHONEOS_DEPLOYMENT_TARGET = 7.1;
				LD_RUNPATH_SEARCH_PATHS = "$(inherited) @executable_path/Frameworks";
				PRODUCT_NAME = "$(TARGET_NAME)";
				PROVISIONING_PROFILE = "";
				TARGETED_DEVICE_FAMILY = "1,2";
			};
			name = Release;
		};
		2E4236E319AB707A008F6897 /* Debug */ = {
			isa = XCBuildConfiguration;
			buildSettings = {
				BUNDLE_LOADER = "$(TEST_HOST)";
				FRAMEWORK_SEARCH_PATHS = (
					"$(SDKROOT)/Developer/Library/Frameworks",
					"$(inherited)",
				);
				GCC_PREPROCESSOR_DEFINITIONS = (
					"DEBUG=1",
					"$(inherited)",
				);
				INFOPLIST_FILE = iOS_Bluetooth_MessengerTests/Info.plist;
				LD_RUNPATH_SEARCH_PATHS = "$(inherited) @executable_path/Frameworks @loader_path/Frameworks";
				PRODUCT_NAME = "$(TARGET_NAME)";
				TEST_HOST = "$(BUILT_PRODUCTS_DIR)/iOS_Bluetooth_Messenger.app/iOS_Bluetooth_Messenger";
			};
			name = Debug;
		};
		2E4236E419AB707A008F6897 /* Release */ = {
			isa = XCBuildConfiguration;
			buildSettings = {
				BUNDLE_LOADER = "$(TEST_HOST)";
				FRAMEWORK_SEARCH_PATHS = (
					"$(SDKROOT)/Developer/Library/Frameworks",
					"$(inherited)",
				);
				INFOPLIST_FILE = iOS_Bluetooth_MessengerTests/Info.plist;
				LD_RUNPATH_SEARCH_PATHS = "$(inherited) @executable_path/Frameworks @loader_path/Frameworks";
				PRODUCT_NAME = "$(TARGET_NAME)";
				TEST_HOST = "$(BUILT_PRODUCTS_DIR)/iOS_Bluetooth_Messenger.app/iOS_Bluetooth_Messenger";
			};
			name = Release;
		};
/* End XCBuildConfiguration section */

/* Begin XCConfigurationList section */
		2E4236BE19AB707A008F6897 /* Build configuration list for PBXProject "iOS_Bluetooth_Messenger" */ = {
			isa = XCConfigurationList;
			buildConfigurations = (
				2E4236DD19AB707A008F6897 /* Debug */,
				2E4236DE19AB707A008F6897 /* Release */,
			);
			defaultConfigurationIsVisible = 0;
			defaultConfigurationName = Release;
		};
		2E4236DF19AB707A008F6897 /* Build configuration list for PBXNativeTarget "iOS_Bluetooth_Messenger" */ = {
			isa = XCConfigurationList;
			buildConfigurations = (
				2E4236E019AB707A008F6897 /* Debug */,
				2E4236E119AB707A008F6897 /* Release */,
			);
			defaultConfigurationIsVisible = 0;
			defaultConfigurationName = Release;
		};
		2E4236E219AB707A008F6897 /* Build configuration list for PBXNativeTarget "iOS_Bluetooth_MessengerTests" */ = {
			isa = XCConfigurationList;
			buildConfigurations = (
				2E4236E319AB707A008F6897 /* Debug */,
				2E4236E419AB707A008F6897 /* Release */,
			);
			defaultConfigurationIsVisible = 0;
			defaultConfigurationName = Release;
		};
/* End XCConfigurationList section */
	};
	rootObject = 2E4236BB19AB7079008F6897 /* Project object */;
}
